// !$*UTF8*$!
{
	archiveVersion = 1;
	classes = {
	};
	objectVersion = 46;
	objects = {

/* Begin PBXBuildFile section */
		C36A7C851EAD1A0B00E91EA8 /* AppDelegate.swift in Sources */ = {isa = PBXBuildFile; fileRef = C36A7C841EAD1A0B00E91EA8 /* AppDelegate.swift */; };
		C36A7C871EAD1A0B00E91EA8 /* ViewController.swift in Sources */ = {isa = PBXBuildFile; fileRef = C36A7C861EAD1A0B00E91EA8 /* ViewController.swift */; };
		C36A7C8A1EAD1A0B00E91EA8 /* Main.storyboard in Resources */ = {isa = PBXBuildFile; fileRef = C36A7C881EAD1A0B00E91EA8 /* Main.storyboard */; settings = {ASSET_TAGS = ("table ", ); }; };
		C36A7C8C1EAD1A0B00E91EA8 /* Assets.xcassets in Resources */ = {isa = PBXBuildFile; fileRef = C36A7C8B1EAD1A0B00E91EA8 /* Assets.xcassets */; };
		C36A7C8F1EAD1A0B00E91EA8 /* LaunchScreen.storyboard in Resources */ = {isa = PBXBuildFile; fileRef = C36A7C8D1EAD1A0B00E91EA8 /* LaunchScreen.storyboard */; };
		C36A7C9A1EAD1A0C00E91EA8 /* simpleSNSTests.swift in Sources */ = {isa = PBXBuildFile; fileRef = C36A7C991EAD1A0C00E91EA8 /* simpleSNSTests.swift */; };
		C36A7CA51EAD1A0C00E91EA8 /* simpleSNSUITests.swift in Sources */ = {isa = PBXBuildFile; fileRef = C36A7CA41EAD1A0C00E91EA8 /* simpleSNSUITests.swift */; };
		C36A7CB31EAD1CD900E91EA8 /* church.jpg in Resources */ = {isa = PBXBuildFile; fileRef = C36A7CB21EAD1CD900E91EA8 /* church.jpg */; };
		C36A7CB61EAD206B00E91EA8 /* bubble.png in Resources */ = {isa = PBXBuildFile; fileRef = C36A7CB41EAD206B00E91EA8 /* bubble.png */; };
		C36A7CB71EAD206B00E91EA8 /* heart02.png in Resources */ = {isa = PBXBuildFile; fileRef = C36A7CB51EAD206B00E91EA8 /* heart02.png */; };
		C36A7CB91EAD236400E91EA8 /* loveball.jpg in Resources */ = {isa = PBXBuildFile; fileRef = C36A7CB81EAD236400E91EA8 /* loveball.jpg */; };
		C36A7CBB1EAD26BB00E91EA8 /* FeedCell.swift in Sources */ = {isa = PBXBuildFile; fileRef = C36A7CBA1EAD26BB00E91EA8 /* FeedCell.swift */; };
		C36A7CC01EAD2D1B00E91EA8 /* timeline01.jpg in Resources */ = {isa = PBXBuildFile; fileRef = C36A7CBC1EAD2D1B00E91EA8 /* timeline01.jpg */; };
		C36A7CC11EAD2D1B00E91EA8 /* timeline02.jpg in Resources */ = {isa = PBXBuildFile; fileRef = C36A7CBD1EAD2D1B00E91EA8 /* timeline02.jpg */; };
		C36A7CC21EAD2D1B00E91EA8 /* timeline03.jpg in Resources */ = {isa = PBXBuildFile; fileRef = C36A7CBE1EAD2D1B00E91EA8 /* timeline03.jpg */; };
		C36A7CC31EAD2D1B00E91EA8 /* timeline04.jpg in Resources */ = {isa = PBXBuildFile; fileRef = C36A7CBF1EAD2D1B00E91EA8 /* timeline04.jpg */; };
		C36A7CC51EAD37F600E91EA8 /* heart.png in Resources */ = {isa = PBXBuildFile; fileRef = C36A7CC41EAD37F600E91EA8 /* heart.png */; };
/* End PBXBuildFile section */

/* Begin PBXContainerItemProxy section */
		C36A7C961EAD1A0C00E91EA8 /* PBXContainerItemProxy */ = {
			isa = PBXContainerItemProxy;
			containerPortal = C36A7C791EAD1A0B00E91EA8 /* Project object */;
			proxyType = 1;
			remoteGlobalIDString = C36A7C801EAD1A0B00E91EA8;
			remoteInfo = simpleSNS;
		};
		C36A7CA11EAD1A0C00E91EA8 /* PBXContainerItemProxy */ = {
			isa = PBXContainerItemProxy;
			containerPortal = C36A7C791EAD1A0B00E91EA8 /* Project object */;
			proxyType = 1;
			remoteGlobalIDString = C36A7C801EAD1A0B00E91EA8;
			remoteInfo = simpleSNS;
		};
/* End PBXContainerItemProxy section */

/* Begin PBXFileReference section */
		C36A7C811EAD1A0B00E91EA8 /* simpleSNS.app */ = {isa = PBXFileReference; explicitFileType = wrapper.application; includeInIndex = 0; path = simpleSNS.app; sourceTree = BUILT_PRODUCTS_DIR; };
		C36A7C841EAD1A0B00E91EA8 /* AppDelegate.swift */ = {isa = PBXFileReference; lastKnownFileType = sourcecode.swift; path = AppDelegate.swift; sourceTree = "<group>"; };
		C36A7C861EAD1A0B00E91EA8 /* ViewController.swift */ = {isa = PBXFileReference; lastKnownFileType = sourcecode.swift; path = ViewController.swift; sourceTree = "<group>"; };
		C36A7C891EAD1A0B00E91EA8 /* Base */ = {isa = PBXFileReference; lastKnownFileType = file.storyboard; name = Base; path = Base.lproj/Main.storyboard; sourceTree = "<group>"; };
		C36A7C8B1EAD1A0B00E91EA8 /* Assets.xcassets */ = {isa = PBXFileReference; lastKnownFileType = folder.assetcatalog; path = Assets.xcassets; sourceTree = "<group>"; };
		C36A7C8E1EAD1A0B00E91EA8 /* Base */ = {isa = PBXFileReference; lastKnownFileType = file.storyboard; name = Base; path = Base.lproj/LaunchScreen.storyboard; sourceTree = "<group>"; };
		C36A7C901EAD1A0B00E91EA8 /* Info.plist */ = {isa = PBXFileReference; lastKnownFileType = text.plist.xml; path = Info.plist; sourceTree = "<group>"; };
		C36A7C951EAD1A0C00E91EA8 /* simpleSNSTests.xctest */ = {isa = PBXFileReference; explicitFileType = wrapper.cfbundle; includeInIndex = 0; path = simpleSNSTests.xctest; sourceTree = BUILT_PRODUCTS_DIR; };
		C36A7C991EAD1A0C00E91EA8 /* simpleSNSTests.swift */ = {isa = PBXFileReference; lastKnownFileType = sourcecode.swift; path = simpleSNSTests.swift; sourceTree = "<group>"; };
		C36A7C9B1EAD1A0C00E91EA8 /* Info.plist */ = {isa = PBXFileReference; lastKnownFileType = text.plist.xml; path = Info.plist; sourceTree = "<group>"; };
		C36A7CA01EAD1A0C00E91EA8 /* simpleSNSUITests.xctest */ = {isa = PBXFileReference; explicitFileType = wrapper.cfbundle; includeInIndex = 0; path = simpleSNSUITests.xctest; sourceTree = BUILT_PRODUCTS_DIR; };
		C36A7CA41EAD1A0C00E91EA8 /* simpleSNSUITests.swift */ = {isa = PBXFileReference; lastKnownFileType = sourcecode.swift; path = simpleSNSUITests.swift; sourceTree = "<group>"; };
		C36A7CA61EAD1A0C00E91EA8 /* Info.plist */ = {isa = PBXFileReference; lastKnownFileType = text.plist.xml; path = Info.plist; sourceTree = "<group>"; };
		C36A7CB21EAD1CD900E91EA8 /* church.jpg */ = {isa = PBXFileReference; lastKnownFileType = image.jpeg; path = church.jpg; sourceTree = "<group>"; };
		C36A7CB41EAD206B00E91EA8 /* bubble.png */ = {isa = PBXFileReference; lastKnownFileType = image.png; path = bubble.png; sourceTree = "<group>"; };
		C36A7CB51EAD206B00E91EA8 /* heart02.png */ = {isa = PBXFileReference; lastKnownFileType = image.png; path = heart02.png; sourceTree = "<group>"; };
		C36A7CB81EAD236400E91EA8 /* loveball.jpg */ = {isa = PBXFileReference; lastKnownFileType = image.jpeg; path = loveball.jpg; sourceTree = "<group>"; };
		C36A7CBA1EAD26BB00E91EA8 /* FeedCell.swift */ = {isa = PBXFileReference; fileEncoding = 4; lastKnownFileType = sourcecode.swift; path = FeedCell.swift; sourceTree = "<group>"; };
		C36A7CBC1EAD2D1B00E91EA8 /* timeline01.jpg */ = {isa = PBXFileReference; lastKnownFileType = image.jpeg; path = timeline01.jpg; sourceTree = "<group>"; };
		C36A7CBD1EAD2D1B00E91EA8 /* timeline02.jpg */ = {isa = PBXFileReference; lastKnownFileType = image.jpeg; path = timeline02.jpg; sourceTree = "<group>"; };
		C36A7CBE1EAD2D1B00E91EA8 /* timeline03.jpg */ = {isa = PBXFileReference; lastKnownFileType = image.jpeg; path = timeline03.jpg; sourceTree = "<group>"; };
		C36A7CBF1EAD2D1B00E91EA8 /* timeline04.jpg */ = {isa = PBXFileReference; lastKnownFileType = image.jpeg; path = timeline04.jpg; sourceTree = "<group>"; };
		C36A7CC41EAD37F600E91EA8 /* heart.png */ = {isa = PBXFileReference; lastKnownFileType = image.png; path = heart.png; sourceTree = "<group>"; };
/* End PBXFileReference section */

/* Begin PBXFrameworksBuildPhase section */
		C36A7C7E1EAD1A0B00E91EA8 /* Frameworks */ = {
			isa = PBXFrameworksBuildPhase;
			buildActionMask = 2147483647;
			files = (
			);
			runOnlyForDeploymentPostprocessing = 0;
		};
		C36A7C921EAD1A0C00E91EA8 /* Frameworks */ = {
			isa = PBXFrameworksBuildPhase;
			buildActionMask = 2147483647;
			files = (
			);
			runOnlyForDeploymentPostprocessing = 0;
		};
		C36A7C9D1EAD1A0C00E91EA8 /* Frameworks */ = {
			isa = PBXFrameworksBuildPhase;
			buildActionMask = 2147483647;
			files = (
			);
			runOnlyForDeploymentPostprocessing = 0;
		};
/* End PBXFrameworksBuildPhase section */

/* Begin PBXGroup section */
		C36A7C781EAD1A0B00E91EA8 = {
			isa = PBXGroup;
			children = (
				C36A7C831EAD1A0B00E91EA8 /* simpleSNS */,
				C36A7C981EAD1A0C00E91EA8 /* simpleSNSTests */,
				C36A7CA31EAD1A0C00E91EA8 /* simpleSNSUITests */,
				C36A7C821EAD1A0B00E91EA8 /* Products */,
			);
			sourceTree = "<group>";
		};
		C36A7C821EAD1A0B00E91EA8 /* Products */ = {
			isa = PBXGroup;
			children = (
				C36A7C811EAD1A0B00E91EA8 /* simpleSNS.app */,
				C36A7C951EAD1A0C00E91EA8 /* simpleSNSTests.xctest */,
				C36A7CA01EAD1A0C00E91EA8 /* simpleSNSUITests.xctest */,
			);
			name = Products;
			sourceTree = "<group>";
		};
		C36A7C831EAD1A0B00E91EA8 /* simpleSNS */ = {
			isa = PBXGroup;
			children = (
				C36A7CC41EAD37F600E91EA8 /* heart.png */,
				C36A7CBC1EAD2D1B00E91EA8 /* timeline01.jpg */,
				C36A7CBD1EAD2D1B00E91EA8 /* timeline02.jpg */,
				C36A7CBE1EAD2D1B00E91EA8 /* timeline03.jpg */,
				C36A7CBF1EAD2D1B00E91EA8 /* timeline04.jpg */,
				C36A7CB81EAD236400E91EA8 /* loveball.jpg */,
				C36A7CB41EAD206B00E91EA8 /* bubble.png */,
				C36A7CB51EAD206B00E91EA8 /* heart02.png */,
				C36A7CB21EAD1CD900E91EA8 /* church.jpg */,
				C36A7C841EAD1A0B00E91EA8 /* AppDelegate.swift */,
				C36A7C861EAD1A0B00E91EA8 /* ViewController.swift */,
				C36A7C881EAD1A0B00E91EA8 /* Main.storyboard */,
				C36A7CBA1EAD26BB00E91EA8 /* FeedCell.swift */,
				C36A7C8B1EAD1A0B00E91EA8 /* Assets.xcassets */,
				C36A7C8D1EAD1A0B00E91EA8 /* LaunchScreen.storyboard */,
				C36A7C901EAD1A0B00E91EA8 /* Info.plist */,
			);
			path = simpleSNS;
			sourceTree = "<group>";
		};
		C36A7C981EAD1A0C00E91EA8 /* simpleSNSTests */ = {
			isa = PBXGroup;
			children = (
				C36A7C991EAD1A0C00E91EA8 /* simpleSNSTests.swift */,
				C36A7C9B1EAD1A0C00E91EA8 /* Info.plist */,
			);
			path = simpleSNSTests;
			sourceTree = "<group>";
		};
		C36A7CA31EAD1A0C00E91EA8 /* simpleSNSUITests */ = {
			isa = PBXGroup;
			children = (
				C36A7CA41EAD1A0C00E91EA8 /* simpleSNSUITests.swift */,
				C36A7CA61EAD1A0C00E91EA8 /* Info.plist */,
			);
			path = simpleSNSUITests;
			sourceTree = "<group>";
		};
/* End PBXGroup section */

/* Begin PBXNativeTarget section */
		C36A7C801EAD1A0B00E91EA8 /* simpleSNS */ = {
			isa = PBXNativeTarget;
			buildConfigurationList = C36A7CA91EAD1A0C00E91EA8 /* Build configuration list for PBXNativeTarget "simpleSNS" */;
			buildPhases = (
				C36A7C7D1EAD1A0B00E91EA8 /* Sources */,
				C36A7C7E1EAD1A0B00E91EA8 /* Frameworks */,
				C36A7C7F1EAD1A0B00E91EA8 /* Resources */,
			);
			buildRules = (
			);
			dependencies = (
			);
			name = simpleSNS;
			productName = simpleSNS;
			productReference = C36A7C811EAD1A0B00E91EA8 /* simpleSNS.app */;
			productType = "com.apple.product-type.application";
		};
		C36A7C941EAD1A0C00E91EA8 /* simpleSNSTests */ = {
			isa = PBXNativeTarget;
			buildConfigurationList = C36A7CAC1EAD1A0C00E91EA8 /* Build configuration list for PBXNativeTarget "simpleSNSTests" */;
			buildPhases = (
				C36A7C911EAD1A0C00E91EA8 /* Sources */,
				C36A7C921EAD1A0C00E91EA8 /* Frameworks */,
				C36A7C931EAD1A0C00E91EA8 /* Resources */,
			);
			buildRules = (
			);
			dependencies = (
				C36A7C971EAD1A0C00E91EA8 /* PBXTargetDependency */,
			);
			name = simpleSNSTests;
			productName = simpleSNSTests;
			productReference = C36A7C951EAD1A0C00E91EA8 /* simpleSNSTests.xctest */;
			productType = "com.apple.product-type.bundle.unit-test";
		};
		C36A7C9F1EAD1A0C00E91EA8 /* simpleSNSUITests */ = {
			isa = PBXNativeTarget;
			buildConfigurationList = C36A7CAF1EAD1A0C00E91EA8 /* Build configuration list for PBXNativeTarget "simpleSNSUITests" */;
			buildPhases = (
				C36A7C9C1EAD1A0C00E91EA8 /* Sources */,
				C36A7C9D1EAD1A0C00E91EA8 /* Frameworks */,
				C36A7C9E1EAD1A0C00E91EA8 /* Resources */,
			);
			buildRules = (
			);
			dependencies = (
				C36A7CA21EAD1A0C00E91EA8 /* PBXTargetDependency */,
			);
			name = simpleSNSUITests;
			productName = simpleSNSUITests;
			productReference = C36A7CA01EAD1A0C00E91EA8 /* simpleSNSUITests.xctest */;
			productType = "com.apple.product-type.bundle.ui-testing";
		};
/* End PBXNativeTarget section */

/* Begin PBXProject section */
		C36A7C791EAD1A0B00E91EA8 /* Project object */ = {
			isa = PBXProject;
			attributes = {
				KnownAssetTags = (
					"table ",
				);
				LastSwiftUpdateCheck = 0830;
				LastUpgradeCheck = 0830;
				ORGANIZATIONNAME = "康乗秀人";
				TargetAttributes = {
					C36A7C801EAD1A0B00E91EA8 = {
						CreatedOnToolsVersion = 8.3.2;
						ProvisioningStyle = Automatic;
					};
					C36A7C941EAD1A0C00E91EA8 = {
						CreatedOnToolsVersion = 8.3.2;
						ProvisioningStyle = Automatic;
						TestTargetID = C36A7C801EAD1A0B00E91EA8;
					};
					C36A7C9F1EAD1A0C00E91EA8 = {
						CreatedOnToolsVersion = 8.3.2;
						ProvisioningStyle = Automatic;
						TestTargetID = C36A7C801EAD1A0B00E91EA8;
					};
				};
			};
			buildConfigurationList = C36A7C7C1EAD1A0B00E91EA8 /* Build configuration list for PBXProject "simpleSNS" */;
			compatibilityVersion = "Xcode 3.2";
			developmentRegion = English;
			hasScannedForEncodings = 0;
			knownRegions = (
				en,
				Base,
			);
			mainGroup = C36A7C781EAD1A0B00E91EA8;
			productRefGroup = C36A7C821EAD1A0B00E91EA8 /* Products */;
			projectDirPath = "";
			projectRoot = "";
			targets = (
				C36A7C801EAD1A0B00E91EA8 /* simpleSNS */,
				C36A7C941EAD1A0C00E91EA8 /* simpleSNSTests */,
				C36A7C9F1EAD1A0C00E91EA8 /* simpleSNSUITests */,
			);
		};
/* End PBXProject section */

/* Begin PBXResourcesBuildPhase section */
		C36A7C7F1EAD1A0B00E91EA8 /* Resources */ = {
			isa = PBXResourcesBuildPhase;
			buildActionMask = 2147483647;
			files = (
				C36A7C8F1EAD1A0B00E91EA8 /* LaunchScreen.storyboard in Resources */,
				C36A7C8C1EAD1A0B00E91EA8 /* Assets.xcassets in Resources */,
				C36A7CC31EAD2D1B00E91EA8 /* timeline04.jpg in Resources */,
				C36A7CB61EAD206B00E91EA8 /* bubble.png in Resources */,
				C36A7CC51EAD37F600E91EA8 /* heart.png in Resources */,
				C36A7CC21EAD2D1B00E91EA8 /* timeline03.jpg in Resources */,
				C36A7CB31EAD1CD900E91EA8 /* church.jpg in Resources */,
				C36A7CB71EAD206B00E91EA8 /* heart02.png in Resources */,
				C36A7CC01EAD2D1B00E91EA8 /* timeline01.jpg in Resources */,
				C36A7CC11EAD2D1B00E91EA8 /* timeline02.jpg in Resources */,
				C36A7CB91EAD236400E91EA8 /* loveball.jpg in Resources */,
				C36A7C8A1EAD1A0B00E91EA8 /* Main.storyboard in Resources */,
			);
			runOnlyForDeploymentPostprocessing = 0;
		};
		C36A7C931EAD1A0C00E91EA8 /* Resources */ = {
			isa = PBXResourcesBuildPhase;
			buildActionMask = 2147483647;
			files = (
			);
			runOnlyForDeploymentPostprocessing = 0;
		};
		C36A7C9E1EAD1A0C00E91EA8 /* Resources */ = {
			isa = PBXResourcesBuildPhase;
			buildActionMask = 2147483647;
			files = (
			);
			runOnlyForDeploymentPostprocessing = 0;
		};
/* End PBXResourcesBuildPhase section */

/* Begin PBXSourcesBuildPhase section */
		C36A7C7D1EAD1A0B00E91EA8 /* Sources */ = {
			isa = PBXSourcesBuildPhase;
			buildActionMask = 2147483647;
			files = (
				C36A7C871EAD1A0B00E91EA8 /* ViewController.swift in Sources */,
				C36A7C851EAD1A0B00E91EA8 /* AppDelegate.swift in Sources */,
				C36A7CBB1EAD26BB00E91EA8 /* FeedCell.swift in Sources */,
			);
			runOnlyForDeploymentPostprocessing = 0;
		};
		C36A7C911EAD1A0C00E91EA8 /* Sources */ = {
			isa = PBXSourcesBuildPhase;
			buildActionMask = 2147483647;
			files = (
				C36A7C9A1EAD1A0C00E91EA8 /* simpleSNSTests.swift in Sources */,
			);
			runOnlyForDeploymentPostprocessing = 0;
		};
		C36A7C9C1EAD1A0C00E91EA8 /* Sources */ = {
			isa = PBXSourcesBuildPhase;
			buildActionMask = 2147483647;
			files = (
				C36A7CA51EAD1A0C00E91EA8 /* simpleSNSUITests.swift in Sources */,
			);
			runOnlyForDeploymentPostprocessing = 0;
		};
/* End PBXSourcesBuildPhase section */

/* Begin PBXTargetDependency section */
		C36A7C971EAD1A0C00E91EA8 /* PBXTargetDependency */ = {
			isa = PBXTargetDependency;
			target = C36A7C801EAD1A0B00E91EA8 /* simpleSNS */;
			targetProxy = C36A7C961EAD1A0C00E91EA8 /* PBXContainerItemProxy */;
		};
		C36A7CA21EAD1A0C00E91EA8 /* PBXTargetDependency */ = {
			isa = PBXTargetDependency;
			target = C36A7C801EAD1A0B00E91EA8 /* simpleSNS */;
			targetProxy = C36A7CA11EAD1A0C00E91EA8 /* PBXContainerItemProxy */;
		};
/* End PBXTargetDependency section */

/* Begin PBXVariantGroup section */
		C36A7C881EAD1A0B00E91EA8 /* Main.storyboard */ = {
			isa = PBXVariantGroup;
			children = (
				C36A7C891EAD1A0B00E91EA8 /* Base */,
			);
			name = Main.storyboard;
			sourceTree = "<group>";
		};
		C36A7C8D1EAD1A0B00E91EA8 /* LaunchScreen.storyboard */ = {
			isa = PBXVariantGroup;
			children = (
				C36A7C8E1EAD1A0B00E91EA8 /* Base */,
			);
			name = LaunchScreen.storyboard;
			sourceTree = "<group>";
		};
/* End PBXVariantGroup section */

/* Begin XCBuildConfiguration section */
		C36A7CA71EAD1A0C00E91EA8 /* Debug */ = {
			isa = XCBuildConfiguration;
			buildSettings = {
				ALWAYS_SEARCH_USER_PATHS = NO;
				CLANG_ANALYZER_NONNULL = YES;
				CLANG_ANALYZER_NUMBER_OBJECT_CONVERSION = YES_AGGRESSIVE;
				CLANG_CXX_LANGUAGE_STANDARD = "gnu++0x";
				CLANG_CXX_LIBRARY = "libc++";
				CLANG_ENABLE_MODULES = YES;
				CLANG_ENABLE_OBJC_ARC = YES;
				CLANG_WARN_BOOL_CONVERSION = YES;
				CLANG_WARN_CONSTANT_CONVERSION = YES;
				CLANG_WARN_DIRECT_OBJC_ISA_USAGE = YES_ERROR;
				CLANG_WARN_DOCUMENTATION_COMMENTS = YES;
				CLANG_WARN_EMPTY_BODY = YES;
				CLANG_WARN_ENUM_CONVERSION = YES;
				CLANG_WARN_INFINITE_RECURSION = YES;
				CLANG_WARN_INT_CONVERSION = YES;
				CLANG_WARN_OBJC_ROOT_CLASS = YES_ERROR;
				CLANG_WARN_SUSPICIOUS_MOVE = YES;
				CLANG_WARN_UNREACHABLE_CODE = YES;
				CLANG_WARN__DUPLICATE_METHOD_MATCH = YES;
				"CODE_SIGN_IDENTITY[sdk=iphoneos*]" = "iPhone Developer";
				COPY_PHASE_STRIP = NO;
				DEBUG_INFORMATION_FORMAT = dwarf;
				ENABLE_STRICT_OBJC_MSGSEND = YES;
				ENABLE_TESTABILITY = YES;
				GCC_C_LANGUAGE_STANDARD = gnu99;
				GCC_DYNAMIC_NO_PIC = NO;
				GCC_NO_COMMON_BLOCKS = YES;
				GCC_OPTIMIZATION_LEVEL = 0;
				GCC_PREPROCESSOR_DEFINITIONS = (
					"DEBUG=1",
					"$(inherited)",
				);
				GCC_WARN_64_TO_32_BIT_CONVERSION = YES;
				GCC_WARN_ABOUT_RETURN_TYPE = YES_ERROR;
				GCC_WARN_UNDECLARED_SELECTOR = YES;
				GCC_WARN_UNINITIALIZED_AUTOS = YES_AGGRESSIVE;
				GCC_WARN_UNUSED_FUNCTION = YES;
				GCC_WARN_UNUSED_VARIABLE = YES;
				IPHONEOS_DEPLOYMENT_TARGET = 10.3;
				MTL_ENABLE_DEBUG_INFO = YES;
				ONLY_ACTIVE_ARCH = YES;
				SDKROOT = iphoneos;
				SWIFT_ACTIVE_COMPILATION_CONDITIONS = DEBUG;
				SWIFT_OPTIMIZATION_LEVEL = "-Onone";
				TARGETED_DEVICE_FAMILY = "1,2";
			};
			name = Debug;
		};
		C36A7CA81EAD1A0C00E91EA8 /* Release */ = {
			isa = XCBuildConfiguration;
			buildSettings = {
				ALWAYS_SEARCH_USER_PATHS = NO;
				CLANG_ANALYZER_NONNULL = YES;
				CLANG_ANALYZER_NUMBER_OBJECT_CONVERSION = YES_AGGRESSIVE;
				CLANG_CXX_LANGUAGE_STANDARD = "gnu++0x";
				CLANG_CXX_LIBRARY = "libc++";
				CLANG_ENABLE_MODULES = YES;
				CLANG_ENABLE_OBJC_ARC = YES;
				CLANG_WARN_BOOL_CONVERSION = YES;
				CLANG_WARN_CONSTANT_CONVERSION = YES;
				CLANG_WARN_DIRECT_OBJC_ISA_USAGE = YES_ERROR;
				CLANG_WARN_DOCUMENTATION_COMMENTS = YES;
				CLANG_WARN_EMPTY_BODY = YES;
				CLANG_WARN_ENUM_CONVERSION = YES;
				CLANG_WARN_INFINITE_RECURSION = YES;
				CLANG_WARN_INT_CONVERSION = YES;
				CLANG_WARN_OBJC_ROOT_CLASS = YES_ERROR;
				CLANG_WARN_SUSPICIOUS_MOVE = YES;
				CLANG_WARN_UNREACHABLE_CODE = YES;
				CLANG_WARN__DUPLICATE_METHOD_MATCH = YES;
				"CODE_SIGN_IDENTITY[sdk=iphoneos*]" = "iPhone Developer";
				COPY_PHASE_STRIP = NO;
				DEBUG_INFORMATION_FORMAT = "dwarf-with-dsym";
				ENABLE_NS_ASSERTIONS = NO;
				ENABLE_STRICT_OBJC_MSGSEND = YES;
				GCC_C_LANGUAGE_STANDARD = gnu99;
				GCC_NO_COMMON_BLOCKS = YES;
				GCC_WARN_64_TO_32_BIT_CONVERSION = YES;
				GCC_WARN_ABOUT_RETURN_TYPE = YES_ERROR;
				GCC_WARN_UNDECLARED_SELECTOR = YES;
				GCC_WARN_UNINITIALIZED_AUTOS = YES_AGGRESSIVE;
				GCC_WARN_UNUSED_FUNCTION = YES;
				GCC_WARN_UNUSED_VARIABLE = YES;
				IPHONEOS_DEPLOYMENT_TARGET = 10.3;
				MTL_ENABLE_DEBUG_INFO = NO;
				SDKROOT = iphoneos;
				SWIFT_OPTIMIZATION_LEVEL = "-Owholemodule";
				TARGETED_DEVICE_FAMILY = "1,2";
				VALIDATE_PRODUCT = YES;
			};
			name = Release;
		};
		C36A7CAA1EAD1A0C00E91EA8 /* Debug */ = {
			isa = XCBuildConfiguration;
			buildSettings = {
				ASSETCATALOG_COMPILER_APPICON_NAME = AppIcon;
				INFOPLIST_FILE = simpleSNS/Info.plist;
				LD_RUNPATH_SEARCH_PATHS = "$(inherited) @executable_path/Frameworks";
				PRODUCT_BUNDLE_IDENTIFIER = hideto.simpleSNS;
				PRODUCT_NAME = "$(TARGET_NAME)";
				SWIFT_VERSION = 3.0;
			};
			name = Debug;
		};
		C36A7CAB1EAD1A0C00E91EA8 /* Release */ = {
			isa = XCBuildConfiguration;
			buildSettings = {
				ASSETCATALOG_COMPILER_APPICON_NAME = AppIcon;
				INFOPLIST_FILE = simpleSNS/Info.plist;
				LD_RUNPATH_SEARCH_PATHS = "$(inherited) @executable_path/Frameworks";
				PRODUCT_BUNDLE_IDENTIFIER = hideto.simpleSNS;
				PRODUCT_NAME = "$(TARGET_NAME)";
				SWIFT_VERSION = 3.0;
			};
			name = Release;
		};
		C36A7CAD1EAD1A0C00E91EA8 /* Debug */ = {
			isa = XCBuildConfiguration;
			buildSettings = {
				ALWAYS_EMBED_SWIFT_STANDARD_LIBRARIES = YES;
				BUNDLE_LOADER = "$(TEST_HOST)";
				INFOPLIST_FILE = simpleSNSTests/Info.plist;
				LD_RUNPATH_SEARCH_PATHS = "$(inherited) @executable_path/Frameworks @loader_path/Frameworks";
				PRODUCT_BUNDLE_IDENTIFIER = hideto.simpleSNSTests;
				PRODUCT_NAME = "$(TARGET_NAME)";
				SWIFT_VERSION = 3.0;
				TEST_HOST = "$(BUILT_PRODUCTS_DIR)/simpleSNS.app/simpleSNS";
			};
			name = Debug;
		};
		C36A7CAE1EAD1A0C00E91EA8 /* Release */ = {
			isa = XCBuildConfiguration;
			buildSettings = {
				ALWAYS_EMBED_SWIFT_STANDARD_LIBRARIES = YES;
				BUNDLE_LOADER = "$(TEST_HOST)";
				INFOPLIST_FILE = simpleSNSTests/Info.plist;
				LD_RUNPATH_SEARCH_PATHS = "$(inherited) @executable_path/Frameworks @loader_path/Frameworks";
				PRODUCT_BUNDLE_IDENTIFIER = hideto.simpleSNSTests;
				PRODUCT_NAME = "$(TARGET_NAME)";
				SWIFT_VERSION = 3.0;
				TEST_HOST = "$(BUILT_PRODUCTS_DIR)/simpleSNS.app/simpleSNS";
			};
			name = Release;
		};
		C36A7CB01EAD1A0C00E91EA8 /* Debug */ = {
			isa = XCBuildConfiguration;
			buildSettings = {
				ALWAYS_EMBED_SWIFT_STANDARD_LIBRARIES = YES;
				INFOPLIST_FILE = simpleSNSUITests/Info.plist;
				LD_RUNPATH_SEARCH_PATHS = "$(inherited) @executable_path/Frameworks @loader_path/Frameworks";
				PRODUCT_BUNDLE_IDENTIFIER = hideto.simpleSNSUITests;
				PRODUCT_NAME = "$(TARGET_NAME)";
				SWIFT_VERSION = 3.0;
				TEST_TARGET_NAME = simpleSNS;
			};
			name = Debug;
		};
		C36A7CB11EAD1A0C00E91EA8 /* Release */ = {
			isa = XCBuildConfiguration;
			buildSettings = {
				ALWAYS_EMBED_SWIFT_STANDARD_LIBRARIES = YES;
				INFOPLIST_FILE = simpleSNSUITests/Info.plist;
				LD_RUNPATH_SEARCH_PATHS = "$(inherited) @executable_path/Frameworks @loader_path/Frameworks";
				PRODUCT_BUNDLE_IDENTIFIER = hideto.simpleSNSUITests;
				PRODUCT_NAME = "$(TARGET_NAME)";
				SWIFT_VERSION = 3.0;
				TEST_TARGET_NAME = simpleSNS;
			};
			name = Release;
		};
/* End XCBuildConfiguration section */

/* Begin XCConfigurationList section */
		C36A7C7C1EAD1A0B00E91EA8 /* Build configuration list for PBXProject "simpleSNS" */ = {
			isa = XCConfigurationList;
			buildConfigurations = (
				C36A7CA71EAD1A0C00E91EA8 /* Debug */,
				C36A7CA81EAD1A0C00E91EA8 /* Release */,
			);
			defaultConfigurationIsVisible = 0;
			defaultConfigurationName = Release;
		};
		C36A7CA91EAD1A0C00E91EA8 /* Build configuration list for PBXNativeTarget "simpleSNS" */ = {
			isa = XCConfigurationList;
			buildConfigurations = (
				C36A7CAA1EAD1A0C00E91EA8 /* Debug */,
				C36A7CAB1EAD1A0C00E91EA8 /* Release */,
			);
			defaultConfigurationIsVisible = 0;
		};
		C36A7CAC1EAD1A0C00E91EA8 /* Build configuration list for PBXNativeTarget "simpleSNSTests" */ = {
			isa = XCConfigurationList;
			buildConfigurations = (
				C36A7CAD1EAD1A0C00E91EA8 /* Debug */,
				C36A7CAE1EAD1A0C00E91EA8 /* Release */,
			);
			defaultConfigurationIsVisible = 0;
		};
		C36A7CAF1EAD1A0C00E91EA8 /* Build configuration list for PBXNativeTarget "simpleSNSUITests" */ = {
			isa = XCConfigurationList;
			buildConfigurations = (
				C36A7CB01EAD1A0C00E91EA8 /* Debug */,
				C36A7CB11EAD1A0C00E91EA8 /* Release */,
			);
			defaultConfigurationIsVisible = 0;
		};
/* End XCConfigurationList section */
	};
	rootObject = C36A7C791EAD1A0B00E91EA8 /* Project object */;
}
